// !$*UTF8*$!
{
	archiveVersion = 1;
	classes = {
	};
	objectVersion = 77;
	objects = {

/* Begin PBXContainerItemProxy section */
		C1FCE7072EA4C23900D0933D /* PBXContainerItemProxy */ = {
			isa = PBXContainerItemProxy;
			containerPortal = C1FCE6F12EA4C23800D0933D /* Project object */;
			proxyType = 1;
			remoteGlobalIDString = C1FCE6F82EA4C23800D0933D;
			remoteInfo = WLearningJourney;
		};
		C1FCE7112EA4C23900D0933D /* PBXContainerItemProxy */ = {
			isa = PBXContainerItemProxy;
			containerPortal = C1FCE6F12EA4C23800D0933D /* Project object */;
			proxyType = 1;
			remoteGlobalIDString = C1FCE6F82EA4C23800D0933D;
			remoteInfo = WLearningJourney;
		};
/* End PBXContainerItemProxy section */

/* Begin PBXFileReference section */
		C1FCE6F92EA4C23800D0933D /* WLearningJourney.app */ = {isa = PBXFileReference; explicitFileType = wrapper.application; includeInIndex = 0; path = WLearningJourney.app; sourceTree = BUILT_PRODUCTS_DIR; };
		C1FCE7062EA4C23900D0933D /* WLearningJourneyTests.xctest */ = {isa = PBXFileReference; explicitFileType = wrapper.cfbundle; includeInIndex = 0; path = WLearningJourneyTests.xctest; sourceTree = BUILT_PRODUCTS_DIR; };
		C1FCE7102EA4C23900D0933D /* WLearningJourneyUITests.xctest */ = {isa = PBXFileReference; explicitFileType = wrapper.cfbundle; includeInIndex = 0; path = WLearningJourneyUITests.xctest; sourceTree = BUILT_PRODUCTS_DIR; };
/* End PBXFileReference section */

/* Begin PBXFileSystemSynchronizedRootGroup section */
		C1FCE6FB2EA4C23800D0933D /* WLearningJourney */ = {
			isa = PBXFileSystemSynchronizedRootGroup;
			path = WLearningJourney;
			sourceTree = "<group>";
		};
		C1FCE7092EA4C23900D0933D /* WLearningJourneyTests */ = {
			isa = PBXFileSystemSynchronizedRootGroup;
			path = WLearningJourneyTests;
			sourceTree = "<group>";
		};
		C1FCE7132EA4C23900D0933D /* WLearningJourneyUITests */ = {
			isa = PBXFileSystemSynchronizedRootGroup;
			path = WLearningJourneyUITests;
			sourceTree = "<group>";
		};
/* End PBXFileSystemSynchronizedRootGroup section */

/* Begin PBXFrameworksBuildPhase section */
		C1FCE6F62EA4C23800D0933D /* Frameworks */ = {
			isa = PBXFrameworksBuildPhase;
			buildActionMask = 2147483647;
			files = (
			);
			runOnlyForDeploymentPostprocessing = 0;
		};
		C1FCE7032EA4C23900D0933D /* Frameworks */ = {
			isa = PBXFrameworksBuildPhase;
			buildActionMask = 2147483647;
			files = (
			);
			runOnlyForDeploymentPostprocessing = 0;
		};
		C1FCE70D2EA4C23900D0933D /* Frameworks */ = {
			isa = PBXFrameworksBuildPhase;
			buildActionMask = 2147483647;
			files = (
			);
			runOnlyForDeploymentPostprocessing = 0;
		};
/* End PBXFrameworksBuildPhase section */

/* Begin PBXGroup section */
		C1FCE6F02EA4C23800D0933D = {
			isa = PBXGroup;
			children = (
				C1FCE6FB2EA4C23800D0933D /* WLearningJourney */,
				C1FCE7092EA4C23900D0933D /* WLearningJourneyTests */,
				C1FCE7132EA4C23900D0933D /* WLearningJourneyUITests */,
				C1FCE6FA2EA4C23800D0933D /* Products */,
			);
			sourceTree = "<group>";
		};
		C1FCE6FA2EA4C23800D0933D /* Products */ = {
			isa = PBXGroup;
			children = (
				C1FCE6F92EA4C23800D0933D /* WLearningJourney.app */,
				C1FCE7062EA4C23900D0933D /* WLearningJourneyTests.xctest */,
				C1FCE7102EA4C23900D0933D /* WLearningJourneyUITests.xctest */,
			);
			name = Products;
			sourceTree = "<group>";
		};
/* End PBXGroup section */

/* Begin PBXNativeTarget section */
		C1FCE6F82EA4C23800D0933D /* WLearningJourney */ = {
			isa = PBXNativeTarget;
			buildConfigurationList = C1FCE71A2EA4C23900D0933D /* Build configuration list for PBXNativeTarget "WLearningJourney" */;
			buildPhases = (
				C1FCE6F52EA4C23800D0933D /* Sources */,
				C1FCE6F62EA4C23800D0933D /* Frameworks */,
				C1FCE6F72EA4C23800D0933D /* Resources */,
			);
			buildRules = (
			);
			dependencies = (
			);
			fileSystemSynchronizedGroups = (
				C1FCE6FB2EA4C23800D0933D /* WLearningJourney */,
			);
			name = WLearningJourney;
			packageProductDependencies = (
			);
			productName = WLearningJourney;
			productReference = C1FCE6F92EA4C23800D0933D /* WLearningJourney.app */;
			productType = "com.apple.product-type.application";
		};
		C1FCE7052EA4C23900D0933D /* WLearningJourneyTests */ = {
			isa = PBXNativeTarget;
			buildConfigurationList = C1FCE71D2EA4C23900D0933D /* Build configuration list for PBXNativeTarget "WLearningJourneyTests" */;
			buildPhases = (
				C1FCE7022EA4C23900D0933D /* Sources */,
				C1FCE7032EA4C23900D0933D /* Frameworks */,
				C1FCE7042EA4C23900D0933D /* Resources */,
			);
			buildRules = (
			);
			dependencies = (
				C1FCE7082EA4C23900D0933D /* PBXTargetDependency */,
			);
			fileSystemSynchronizedGroups = (
				C1FCE7092EA4C23900D0933D /* WLearningJourneyTests */,
			);
			name = WLearningJourneyTests;
			packageProductDependencies = (
			);
			productName = WLearningJourneyTests;
			productReference = C1FCE7062EA4C23900D0933D /* WLearningJourneyTests.xctest */;
			productType = "com.apple.product-type.bundle.unit-test";
		};
		C1FCE70F2EA4C23900D0933D /* WLearningJourneyUITests */ = {
			isa = PBXNativeTarget;
			buildConfigurationList = C1FCE7202EA4C23900D0933D /* Build configuration list for PBXNativeTarget "WLearningJourneyUITests" */;
			buildPhases = (
				C1FCE70C2EA4C23900D0933D /* Sources */,
				C1FCE70D2EA4C23900D0933D /* Frameworks */,
				C1FCE70E2EA4C23900D0933D /* Resources */,
			);
			buildRules = (
			);
			dependencies = (
				C1FCE7122EA4C23900D0933D /* PBXTargetDependency */,
			);
			fileSystemSynchronizedGroups = (
				C1FCE7132EA4C23900D0933D /* WLearningJourneyUITests */,
			);
			name = WLearningJourneyUITests;
			packageProductDependencies = (
			);
			productName = WLearningJourneyUITests;
			productReference = C1FCE7102EA4C23900D0933D /* WLearningJourneyUITests.xctest */;
			productType = "com.apple.product-type.bundle.ui-testing";
		};
/* End PBXNativeTarget section */

/* Begin PBXProject section */
		C1FCE6F12EA4C23800D0933D /* Project object */ = {
			isa = PBXProject;
			attributes = {
				BuildIndependentTargetsInParallel = 1;
				LastSwiftUpdateCheck = 2600;
				LastUpgradeCheck = 2600;
				TargetAttributes = {
					C1FCE6F82EA4C23800D0933D = {
						CreatedOnToolsVersion = 26.0.1;
					};
					C1FCE7052EA4C23900D0933D = {
						CreatedOnToolsVersion = 26.0.1;
						TestTargetID = C1FCE6F82EA4C23800D0933D;
					};
					C1FCE70F2EA4C23900D0933D = {
						CreatedOnToolsVersion = 26.0.1;
						TestTargetID = C1FCE6F82EA4C23800D0933D;
					};
				};
			};
			buildConfigurationList = C1FCE6F42EA4C23800D0933D /* Build configuration list for PBXProject "WLearningJourney" */;
			developmentRegion = en;
			hasScannedForEncodings = 0;
			knownRegions = (
				en,
				Base,
			);
			mainGroup = C1FCE6F02EA4C23800D0933D;
			minimizedProjectReferenceProxies = 1;
			preferredProjectObjectVersion = 77;
			productRefGroup = C1FCE6FA2EA4C23800D0933D /* Products */;
			projectDirPath = "";
			projectRoot = "";
			targets = (
				C1FCE6F82EA4C23800D0933D /* WLearningJourney */,
				C1FCE7052EA4C23900D0933D /* WLearningJourneyTests */,
				C1FCE70F2EA4C23900D0933D /* WLearningJourneyUITests */,
			);
		};
/* End PBXProject section */

/* Begin PBXResourcesBuildPhase section */
		C1FCE6F72EA4C23800D0933D /* Resources */ = {
			isa = PBXResourcesBuildPhase;
			buildActionMask = 2147483647;
			files = (
			);
			runOnlyForDeploymentPostprocessing = 0;
		};
		C1FCE7042EA4C23900D0933D /* Resources */ = {
			isa = PBXResourcesBuildPhase;
			buildActionMask = 2147483647;
			files = (
			);
			runOnlyForDeploymentPostprocessing = 0;
		};
		C1FCE70E2EA4C23900D0933D /* Resources */ = {
			isa = PBXResourcesBuildPhase;
			buildActionMask = 2147483647;
			files = (
			);
			runOnlyForDeploymentPostprocessing = 0;
		};
/* End PBXResourcesBuildPhase section */

/* Begin PBXSourcesBuildPhase section */
		C1FCE6F52EA4C23800D0933D /* Sources */ = {
			isa = PBXSourcesBuildPhase;
			buildActionMask = 2147483647;
			files = (
			);
			runOnlyForDeploymentPostprocessing = 0;
		};
		C1FCE7022EA4C23900D0933D /* Sources */ = {
			isa = PBXSourcesBuildPhase;
			buildActionMask = 2147483647;
			files = (
			);
			runOnlyForDeploymentPostprocessing = 0;
		};
		C1FCE70C2EA4C23900D0933D /* Sources */ = {
			isa = PBXSourcesBuildPhase;
			buildActionMask = 2147483647;
			files = (
			);
			runOnlyForDeploymentPostprocessing = 0;
		};
/* End PBXSourcesBuildPhase section */

/* Begin PBXTargetDependency section */
		C1FCE7082EA4C23900D0933D /* PBXTargetDependency */ = {
			isa = PBXTargetDependency;
			target = C1FCE6F82EA4C23800D0933D /* WLearningJourney */;
			targetProxy = C1FCE7072EA4C23900D0933D /* PBXContainerItemProxy */;
		};
		C1FCE7122EA4C23900D0933D /* PBXTargetDependency */ = {
			isa = PBXTargetDependency;
			target = C1FCE6F82EA4C23800D0933D /* WLearningJourney */;
			targetProxy = C1FCE7112EA4C23900D0933D /* PBXContainerItemProxy */;
		};
/* End PBXTargetDependency section */

/* Begin XCBuildConfiguration section */
		C1FCE7182EA4C23900D0933D /* Debug */ = {
			isa = XCBuildConfiguration;
			buildSettings = {
				ALWAYS_SEARCH_USER_PATHS = NO;
				ASSETCATALOG_COMPILER_GENERATE_SWIFT_ASSET_SYMBOL_EXTENSIONS = YES;
				CLANG_ANALYZER_NONNULL = YES;
				CLANG_ANALYZER_NUMBER_OBJECT_CONVERSION = YES_AGGRESSIVE;
				CLANG_CXX_LANGUAGE_STANDARD = "gnu++20";
				CLANG_ENABLE_MODULES = YES;
				CLANG_ENABLE_OBJC_ARC = YES;
				CLANG_ENABLE_OBJC_WEAK = YES;
				CLANG_WARN_BLOCK_CAPTURE_AUTORELEASING = YES;
				CLANG_WARN_BOOL_CONVERSION = YES;
				CLANG_WARN_COMMA = YES;
				CLANG_WARN_CONSTANT_CONVERSION = YES;
				CLANG_WARN_DEPRECATED_OBJC_IMPLEMENTATIONS = YES;
				CLANG_WARN_DIRECT_OBJC_ISA_USAGE = YES_ERROR;
				CLANG_WARN_DOCUMENTATION_COMMENTS = YES;
				CLANG_WARN_EMPTY_BODY = YES;
				CLANG_WARN_ENUM_CONVERSION = YES;
				CLANG_WARN_INFINITE_RECURSION = YES;
				CLANG_WARN_INT_CONVERSION = YES;
				CLANG_WARN_NON_LITERAL_NULL_CONVERSION = YES;
				CLANG_WARN_OBJC_IMPLICIT_RETAIN_SELF = YES;
				CLANG_WARN_OBJC_LITERAL_CONVERSION = YES;
				CLANG_WARN_OBJC_ROOT_CLASS = YES_ERROR;
				CLANG_WARN_QUOTED_INCLUDE_IN_FRAMEWORK_HEADER = YES;
				CLANG_WARN_RANGE_LOOP_ANALYSIS = YES;
				CLANG_WARN_STRICT_PROTOTYPES = YES;
				CLANG_WARN_SUSPICIOUS_MOVE = YES;
				CLANG_WARN_UNGUARDED_AVAILABILITY = YES_AGGRESSIVE;
				CLANG_WARN_UNREACHABLE_CODE = YES;
				CLANG_WARN__DUPLICATE_METHOD_MATCH = YES;
				COPY_PHASE_STRIP = NO;
				DEBUG_INFORMATION_FORMAT = dwarf;
				ENABLE_STRICT_OBJC_MSGSEND = YES;
				ENABLE_TESTABILITY = YES;
				ENABLE_USER_SCRIPT_SANDBOXING = YES;
				GCC_C_LANGUAGE_STANDARD = gnu17;
				GCC_DYNAMIC_NO_PIC = NO;
				GCC_NO_COMMON_BLOCKS = YES;
				GCC_OPTIMIZATION_LEVEL = 0;
				GCC_PREPROCESSOR_DEFINITIONS = (
					"DEBUG=1",
					"$(inherited)",
				);
				GCC_WARN_64_TO_32_BIT_CONVERSION = YES;
				GCC_WARN_ABOUT_RETURN_TYPE = YES_ERROR;
				GCC_WARN_UNDECLARED_SELECTOR = YES;
				GCC_WARN_UNINITIALIZED_AUTOS = YES_AGGRESSIVE;
				GCC_WARN_UNUSED_FUNCTION = YES;
				GCC_WARN_UNUSED_VARIABLE = YES;
				IPHONEOS_DEPLOYMENT_TARGET = 26.0;
				LOCALIZATION_PREFERS_STRING_CATALOGS = YES;
				MTL_ENABLE_DEBUG_INFO = INCLUDE_SOURCE;
				MTL_FAST_MATH = YES;
				ONLY_ACTIVE_ARCH = YES;
				SDKROOT = iphoneos;
				SWIFT_ACTIVE_COMPILATION_CONDITIONS = "DEBUG $(inherited)";
				SWIFT_OPTIMIZATION_LEVEL = "-Onone";
			};
			name = Debug;
		};
		C1FCE7192EA4C23900D0933D /* Release */ = {
			isa = XCBuildConfiguration;
			buildSettings = {
				ALWAYS_SEARCH_USER_PATHS = NO;
				ASSETCATALOG_COMPILER_GENERATE_SWIFT_ASSET_SYMBOL_EXTENSIONS = YES;
				CLANG_ANALYZER_NONNULL = YES;
				CLANG_ANALYZER_NUMBER_OBJECT_CONVERSION = YES_AGGRESSIVE;
				CLANG_CXX_LANGUAGE_STANDARD = "gnu++20";
				CLANG_ENABLE_MODULES = YES;
				CLANG_ENABLE_OBJC_ARC = YES;
				CLANG_ENABLE_OBJC_WEAK = YES;
				CLANG_WARN_BLOCK_CAPTURE_AUTORELEASING = YES;
				CLANG_WARN_BOOL_CONVERSION = YES;
				CLANG_WARN_COMMA = YES;
				CLANG_WARN_CONSTANT_CONVERSION = YES;
				CLANG_WARN_DEPRECATED_OBJC_IMPLEMENTATIONS = YES;
				CLANG_WARN_DIRECT_OBJC_ISA_USAGE = YES_ERROR;
				CLANG_WARN_DOCUMENTATION_COMMENTS = YES;
				CLANG_WARN_EMPTY_BODY = YES;
				CLANG_WARN_ENUM_CONVERSION = YES;
				CLANG_WARN_INFINITE_RECURSION = YES;
				CLANG_WARN_INT_CONVERSION = YES;
				CLANG_WARN_NON_LITERAL_NULL_CONVERSION = YES;
				CLANG_WARN_OBJC_IMPLICIT_RETAIN_SELF = YES;
				CLANG_WARN_OBJC_LITERAL_CONVERSION = YES;
				CLANG_WARN_OBJC_ROOT_CLASS = YES_ERROR;
				CLANG_WARN_QUOTED_INCLUDE_IN_FRAMEWORK_HEADER = YES;
				CLANG_WARN_RANGE_LOOP_ANALYSIS = YES;
				CLANG_WARN_STRICT_PROTOTYPES = YES;
				CLANG_WARN_SUSPICIOUS_MOVE = YES;
				CLANG_WARN_UNGUARDED_AVAILABILITY = YES_AGGRESSIVE;
				CLANG_WARN_UNREACHABLE_CODE = YES;
				CLANG_WARN__DUPLICATE_METHOD_MATCH = YES;
				COPY_PHASE_STRIP = NO;
				DEBUG_INFORMATION_FORMAT = "dwarf-with-dsym";
				ENABLE_NS_ASSERTIONS = NO;
				ENABLE_STRICT_OBJC_MSGSEND = YES;
				ENABLE_USER_SCRIPT_SANDBOXING = YES;
				GCC_C_LANGUAGE_STANDARD = gnu17;
				GCC_NO_COMMON_BLOCKS = YES;
				GCC_WARN_64_TO_32_BIT_CONVERSION = YES;
				GCC_WARN_ABOUT_RETURN_TYPE = YES_ERROR;
				GCC_WARN_UNDECLARED_SELECTOR = YES;
				GCC_WARN_UNINITIALIZED_AUTOS = YES_AGGRESSIVE;
				GCC_WARN_UNUSED_FUNCTION = YES;
				GCC_WARN_UNUSED_VARIABLE = YES;
				IPHONEOS_DEPLOYMENT_TARGET = 26.0;
				LOCALIZATION_PREFERS_STRING_CATALOGS = YES;
				MTL_ENABLE_DEBUG_INFO = NO;
				MTL_FAST_MATH = YES;
				SDKROOT = iphoneos;
				SWIFT_COMPILATION_MODE = wholemodule;
				VALIDATE_PRODUCT = YES;
			};
			name = Release;
		};
		C1FCE71B2EA4C23900D0933D /* Debug */ = {
			isa = XCBuildConfiguration;
			buildSettings = {
				ASSETCATALOG_COMPILER_APPICON_NAME = AppIcon;
				ASSETCATALOG_COMPILER_GLOBAL_ACCENT_COLOR_NAME = AccentColor;
				CODE_SIGN_STYLE = Automatic;
				CURRENT_PROJECT_VERSION = 1;
				ENABLE_PREVIEWS = YES;
				GENERATE_INFOPLIST_FILE = YES;
				INFOPLIST_KEY_UIApplicationSceneManifest_Generation = YES;
				INFOPLIST_KEY_UIApplicationSupportsIndirectInputEvents = YES;
				INFOPLIST_KEY_UILaunchScreen_Generation = YES;
				INFOPLIST_KEY_UISupportedInterfaceOrientations_iPad = "UIInterfaceOrientationPortrait UIInterfaceOrientationPortraitUpsideDown UIInterfaceOrientationLandscapeLeft UIInterfaceOrientationLandscapeRight";
				INFOPLIST_KEY_UISupportedInterfaceOrientations_iPhone = "UIInterfaceOrientationPortrait UIInterfaceOrientationLandscapeLeft UIInterfaceOrientationLandscapeRight";
				LD_RUNPATH_SEARCH_PATHS = (
					"$(inherited)",
					"@executable_path/Frameworks",
				);
				MARKETING_VERSION = 1.0;
				PRODUCT_BUNDLE_IDENTIFIER = wnr.WLearningJourney;
				PRODUCT_NAME = "$(TARGET_NAME)";
				STRING_CATALOG_GENERATE_SYMBOLS = YES;
				SWIFT_APPROACHABLE_CONCURRENCY = YES;
				SWIFT_DEFAULT_ACTOR_ISOLATION = MainActor;
				SWIFT_EMIT_LOC_STRINGS = YES;
				SWIFT_UPCOMING_FEATURE_MEMBER_IMPORT_VISIBILITY = YES;
				SWIFT_VERSION = 5.0;
				TARGETED_DEVICE_FAMILY = "1,2";
			};
			name = Debug;
		};
		C1FCE71C2EA4C23900D0933D /* Release */ = {
			isa = XCBuildConfiguration;
			buildSettings = {
				ASSETCATALOG_COMPILER_APPICON_NAME = AppIcon;
				ASSETCATALOG_COMPILER_GLOBAL_ACCENT_COLOR_NAME = AccentColor;
				CODE_SIGN_STYLE = Automatic;
				CURRENT_PROJECT_VERSION = 1;
				ENABLE_PREVIEWS = YES;
				GENERATE_INFOPLIST_FILE = YES;
				INFOPLIST_KEY_UIApplicationSceneManifest_Generation = YES;
				INFOPLIST_KEY_UIApplicationSupportsIndirectInputEvents = YES;
				INFOPLIST_KEY_UILaunchScreen_Generation = YES;
				INFOPLIST_KEY_UISupportedInterfaceOrientations_iPad = "UIInterfaceOrientationPortrait UIInterfaceOrientationPortraitUpsideDown UIInterfaceOrientationLandscapeLeft UIInterfaceOrientationLandscapeRight";
				INFOPLIST_KEY_UISupportedInterfaceOrientations_iPhone = "UIInterfaceOrientationPortrait UIInterfaceOrientationLandscapeLeft UIInterfaceOrientationLandscapeRight";
				LD_RUNPATH_SEARCH_PATHS = (
					"$(inherited)",
					"@executable_path/Frameworks",
				);
				MARKETING_VERSION = 1.0;
				PRODUCT_BUNDLE_IDENTIFIER = wnr.WLearningJourney;
				PRODUCT_NAME = "$(TARGET_NAME)";
				STRING_CATALOG_GENERATE_SYMBOLS = YES;
				SWIFT_APPROACHABLE_CONCURRENCY = YES;
				SWIFT_DEFAULT_ACTOR_ISOLATION = MainActor;
				SWIFT_EMIT_LOC_STRINGS = YES;
				SWIFT_UPCOMING_FEATURE_MEMBER_IMPORT_VISIBILITY = YES;
				SWIFT_VERSION = 5.0;
				TARGETED_DEVICE_FAMILY = "1,2";
			};
			name = Release;
		};
		C1FCE71E2EA4C23900D0933D /* Debug */ = {
			isa = XCBuildConfiguration;
			buildSettings = {
				BUNDLE_LOADER = "$(TEST_HOST)";
				CODE_SIGN_STYLE = Automatic;
				CURRENT_PROJECT_VERSION = 1;
				GENERATE_INFOPLIST_FILE = YES;
				IPHONEOS_DEPLOYMENT_TARGET = 26.0;
				MARKETING_VERSION = 1.0;
				PRODUCT_BUNDLE_IDENTIFIER = wnr.WLearningJourneyTests;
				PRODUCT_NAME = "$(TARGET_NAME)";
				STRING_CATALOG_GENERATE_SYMBOLS = NO;
				SWIFT_APPROACHABLE_CONCURRENCY = YES;
				SWIFT_EMIT_LOC_STRINGS = NO;
				SWIFT_UPCOMING_FEATURE_MEMBER_IMPORT_VISIBILITY = YES;
				SWIFT_VERSION = 5.0;
				TARGETED_DEVICE_FAMILY = "1,2";
				TEST_HOST = "$(BUILT_PRODUCTS_DIR)/WLearningJourney.app/$(BUNDLE_EXECUTABLE_FOLDER_PATH)/WLearningJourney";
			};
			name = Debug;
		};
		C1FCE71F2EA4C23900D0933D /* Release */ = {
			isa = XCBuildConfiguration;
			buildSettings = {
				BUNDLE_LOADER = "$(TEST_HOST)";
				CODE_SIGN_STYLE = Automatic;
				CURRENT_PROJECT_VERSION = 1;
				GENERATE_INFOPLIST_FILE = YES;
				IPHONEOS_DEPLOYMENT_TARGET = 26.0;
				MARKETING_VERSION = 1.0;
				PRODUCT_BUNDLE_IDENTIFIER = wnr.WLearningJourneyTests;
				PRODUCT_NAME = "$(TARGET_NAME)";
				STRING_CATALOG_GENERATE_SYMBOLS = NO;
				SWIFT_APPROACHABLE_CONCURRENCY = YES;
				SWIFT_EMIT_LOC_STRINGS = NO;
				SWIFT_UPCOMING_FEATURE_MEMBER_IMPORT_VISIBILITY = YES;
				SWIFT_VERSION = 5.0;
				TARGETED_DEVICE_FAMILY = "1,2";
				TEST_HOST = "$(BUILT_PRODUCTS_DIR)/WLearningJourney.app/$(BUNDLE_EXECUTABLE_FOLDER_PATH)/WLearningJourney";
			};
			name = Release;
		};
		C1FCE7212EA4C23900D0933D /* Debug */ = {
			isa = XCBuildConfiguration;
			buildSettings = {
				CODE_SIGN_STYLE = Automatic;
				CURRENT_PROJECT_VERSION = 1;
				GENERATE_INFOPLIST_FILE = YES;
				MARKETING_VERSION = 1.0;
				PRODUCT_BUNDLE_IDENTIFIER = wnr.WLearningJourneyUITests;
				PRODUCT_NAME = "$(TARGET_NAME)";
				STRING_CATALOG_GENERATE_SYMBOLS = NO;
				SWIFT_APPROACHABLE_CONCURRENCY = YES;
				SWIFT_EMIT_LOC_STRINGS = NO;
				SWIFT_UPCOMING_FEATURE_MEMBER_IMPORT_VISIBILITY = YES;
				SWIFT_VERSION = 5.0;
				TARGETED_DEVICE_FAMILY = "1,2";
				TEST_TARGET_NAME = WLearningJourney;
			};
			name = Debug;
		};
		C1FCE7222EA4C23900D0933D /* Release */ = {
			isa = XCBuildConfiguration;
			buildSettings = {
				CODE_SIGN_STYLE = Automatic;
				CURRENT_PROJECT_VERSION = 1;
				GENERATE_INFOPLIST_FILE = YES;
				MARKETING_VERSION = 1.0;
				PRODUCT_BUNDLE_IDENTIFIER = wnr.WLearningJourneyUITests;
				PRODUCT_NAME = "$(TARGET_NAME)";
				STRING_CATALOG_GENERATE_SYMBOLS = NO;
				SWIFT_APPROACHABLE_CONCURRENCY = YES;
				SWIFT_EMIT_LOC_STRINGS = NO;
				SWIFT_UPCOMING_FEATURE_MEMBER_IMPORT_VISIBILITY = YES;
				SWIFT_VERSION = 5.0;
				TARGETED_DEVICE_FAMILY = "1,2";
				TEST_TARGET_NAME = WLearningJourney;
			};
			name = Release;
		};
/* End XCBuildConfiguration section */

/* Begin XCConfigurationList section */
		C1FCE6F42EA4C23800D0933D /* Build configuration list for PBXProject "WLearningJourney" */ = {
			isa = XCConfigurationList;
			buildConfigurations = (
				C1FCE7182EA4C23900D0933D /* Debug */,
				C1FCE7192EA4C23900D0933D /* Release */,
			);
			defaultConfigurationIsVisible = 0;
			defaultConfigurationName = Release;
		};
		C1FCE71A2EA4C23900D0933D /* Build configuration list for PBXNativeTarget "WLearningJourney" */ = {
			isa = XCConfigurationList;
			buildConfigurations = (
				C1FCE71B2EA4C23900D0933D /* Debug */,
				C1FCE71C2EA4C23900D0933D /* Release */,
			);
			defaultConfigurationIsVisible = 0;
			defaultConfigurationName = Release;
		};
		C1FCE71D2EA4C23900D0933D /* Build configuration list for PBXNativeTarget "WLearningJourneyTests" */ = {
			isa = XCConfigurationList;
			buildConfigurations = (
				C1FCE71E2EA4C23900D0933D /* Debug */,
				C1FCE71F2EA4C23900D0933D /* Release */,
			);
			defaultConfigurationIsVisible = 0;
			defaultConfigurationName = Release;
		};
		C1FCE7202EA4C23900D0933D /* Build configuration list for PBXNativeTarget "WLearningJourneyUITests" */ = {
			isa = XCConfigurationList;
			buildConfigurations = (
				C1FCE7212EA4C23900D0933D /* Debug */,
				C1FCE7222EA4C23900D0933D /* Release */,
			);
			defaultConfigurationIsVisible = 0;
			defaultConfigurationName = Release;
		};
/* End XCConfigurationList section */
	};
	rootObject = C1FCE6F12EA4C23800D0933D /* Project object */;
}
